"@cloudflare/workerd-linux-64@npm:1.20240402.0":
  version: 1.20240402.0
  resolution: "@cloudflare/workerd-linux-64@npm:1.20240402.0"
"body-parser@npm:1.20.3":
  version: 1.20.3
  resolution: "body-parser@npm:1.20.3"
  dependencies:
    bytes: 3.1.2
    content-type: ~1.0.5
    debug: 2.6.9
    depd: 2.0.0
    destroy: 1.2.0
    http-errors: 2.0.0
    iconv-lite: 0.4.24
    on-finished: 2.4.1
    qs: 6.13.0
    raw-body: 2.5.2
    type-is: ~1.6.18
    unpipe: 1.0.0
  checksum: 1a35c59a6be8d852b00946330141c4f142c6af0f970faa87f10ad74f1ee7118078056706a05ae3093c54dabca9cd3770fa62a170a85801da1a4324f04381167d
  languageName: node
  linkType: hard

"content-type@npm:~1.0.4, content-type@npm:~1.0.5":
"cookie@npm:0.7.1":
  version: 0.7.1
  resolution: "cookie@npm:0.7.1"
  checksum: cec5e425549b3650eb5c3498a9ba3cde0b9cd419e3b36e4b92739d30b4d89e0b678b98c1ddc209ce7cf958cd3215671fd6ac47aec21f10c2a0cc68abd399d8a7
  languageName: node
  linkType: hard

"express@npm:^4.18.2":
  version: 4.21.2
  resolution: "express@npm:4.21.2"
  dependencies:
    accepts: ~1.3.8
    array-flatten: 1.1.1
    body-parser: 1.20.3
    content-disposition: 0.5.4
    content-type: ~1.0.4
    cookie: 0.7.1
    cookie-signature: 1.0.6
    debug: 2.6.9
    depd: 2.0.0
    encodeurl: ~2.0.0
    escape-html: ~1.0.3
    etag: ~1.8.1
    finalhandler: 1.3.1
    fresh: 0.5.2
    http-errors: 2.0.0
    merge-descriptors: 1.0.3
    methods: ~1.1.2
    on-finished: 2.4.1
    parseurl: ~1.3.3
    path-to-regexp: 0.1.12
    proxy-addr: ~2.0.7
    qs: 6.13.0
    range-parser: ~1.2.1
    safe-buffer: 5.2.1
    send: 0.19.0
    serve-static: 1.16.2
    setprototypeof: 1.2.0
    statuses: 2.0.1
    type-is: ~1.6.18
    utils-merge: 1.0.1
    vary: ~1.1.2
  checksum: 3aef1d355622732e20b8f3a7c112d4391d44e2131f4f449e1f273a309752a41abfad714e881f177645517cbe29b3ccdc10b35e7e25c13506114244a5b72f549d
  languageName: node
  linkType: hard

"finalhandler@npm:1.3.1":
  version: 1.3.1
  resolution: "finalhandler@npm:1.3.1"
  dependencies:
    debug: 2.6.9
    encodeurl: ~2.0.0
    escape-html: ~1.0.3
    on-finished: 2.4.1
    parseurl: ~1.3.3
    statuses: 2.0.1
    unpipe: ~1.0.0
  checksum: a8c58cd97c9cd47679a870f6833a7b417043f5a288cd6af6d0f49b476c874a506100303a128b6d3b654c3d74fa4ff2ffed68a48a27e8630cda5c918f2977dcf4
  languageName: node
  linkType: hard

"merge-descriptors@npm:1.0.3":
  version: 1.0.3
  resolution: "merge-descriptors@npm:1.0.3"
  checksum: 52117adbe0313d5defa771c9993fe081e2d2df9b840597e966aadafde04ae8d0e3da46bac7ca4efc37d4d2b839436582659cd49c6a43eacb3fe3050896a105d1
  languageName: node
  linkType: hard

"path-to-regexp@npm:0.1.12":
  version: 0.1.12
  resolution: "path-to-regexp@npm:0.1.12"
  checksum: ab237858bee7b25ecd885189f175ab5b5161e7b712b360d44f5c4516b8d271da3e4bf7bf0a7b9153ecb04c7d90ce8ff5158614e1208819cf62bac2b08452722e
  languageName: node
  linkType: hard

"raw-body@npm:2.5.2":
  version: 2.5.2
  resolution: "raw-body@npm:2.5.2"
  dependencies:
    bytes: 3.1.2
    http-errors: 2.0.0
    iconv-lite: 0.4.24
    unpipe: 1.0.0
  checksum: ba1583c8d8a48e8fbb7a873fdbb2df66ea4ff83775421bfe21ee120140949ab048200668c47d9ae3880012f6e217052690628cf679ddfbd82c9fc9358d574676
  languageName: node
  linkType: hard

"serve-static@npm:1.16.2, serve-static@npm:^1.13.1, serve-static@npm:^1.16.2":
"trading-api-server@workspace:packages/trading-api-server":
  version: 0.0.0-use.local
  resolution: "trading-api-server@workspace:packages/trading-api-server"
  dependencies:
    axios: ^1.6.8
    express: ^4.18.2
    typescript: ^5.3.3
  languageName: unknown
  linkType: soft

    node-gyp: ^10.0.0
    "@cloudflare/workerd-linux-64": 1.20240402.0
